// !$*UTF8*$!
{
	archiveVersion = 1;
	classes = {
	};
	objectVersion = 56;
	objects = {

/* Begin PBXBuildFile section */
		111156522B17DB6A007D1F70 /* ProfileImageService.swift in Sources */ = {isa = PBXBuildFile; fileRef = 111156512B17DB6A007D1F70 /* ProfileImageService.swift */; };
		111156542B17DC73007D1F70 /* Notification+Extensions.swift in Sources */ = {isa = PBXBuildFile; fileRef = 111156532B17DC73007D1F70 /* Notification+Extensions.swift */; };
		111156572B17DE69007D1F70 /* Kingfisher in Frameworks */ = {isa = PBXBuildFile; productRef = 111156562B17DE69007D1F70 /* Kingfisher */; };
		112E6B102A51FC580096446A /* ImagesListCell.swift in Sources */ = {isa = PBXBuildFile; fileRef = 112E6B0F2A51FC580096446A /* ImagesListCell.swift */; };
		113BDA6A2B3EE36500D9BA32 /* WebViewTests.swift in Sources */ = {isa = PBXBuildFile; fileRef = 113BDA692B3EE36500D9BA32 /* WebViewTests.swift */; };
		113BDA712B3EE40500D9BA32 /* WebViewPresenterSpy.swift in Sources */ = {isa = PBXBuildFile; fileRef = 113BDA702B3EE40500D9BA32 /* WebViewPresenterSpy.swift */; };
		113CF0BF2A82091900BFEC47 /* UIColor+Extensions.swift in Sources */ = {isa = PBXBuildFile; fileRef = 113CF0BE2A82091900BFEC47 /* UIColor+Extensions.swift */; };
		11449DD22AA7B13600B1BFDB /* ProgressHUD in Frameworks */ = {isa = PBXBuildFile; productRef = 11449DD12AA7B13600B1BFDB /* ProgressHUD */; };
		115B8A822B1E3001001B0009 /* AlertModel.swift in Sources */ = {isa = PBXBuildFile; fileRef = 115B8A812B1E3001001B0009 /* AlertModel.swift */; };
		115B8A852B1E30D0001B0009 /* AlertPresenter.swift in Sources */ = {isa = PBXBuildFile; fileRef = 115B8A842B1E30D0001B0009 /* AlertPresenter.swift */; };
		115B8A882B1E322E001B0009 /* SwiftKeychainWrapper in Frameworks */ = {isa = PBXBuildFile; productRef = 115B8A872B1E322E001B0009 /* SwiftKeychainWrapper */; };
		115B8A8A2B1F3003001B0009 /* TabBarController.swift in Sources */ = {isa = PBXBuildFile; fileRef = 115B8A892B1F3003001B0009 /* TabBarController.swift */; };
		115F17492A9EFEDF00954786 /* OAuth2Service.swift in Sources */ = {isa = PBXBuildFile; fileRef = 115F17482A9EFEDF00954786 /* OAuth2Service.swift */; };
		115F174C2A9EFF7500954786 /* OAuth2TokenStorage.swift in Sources */ = {isa = PBXBuildFile; fileRef = 115F174B2A9EFF7500954786 /* OAuth2TokenStorage.swift */; };
		115FC79D2A51B9F4008BB6C8 /* AppDelegate.swift in Sources */ = {isa = PBXBuildFile; fileRef = 115FC79C2A51B9F4008BB6C8 /* AppDelegate.swift */; };
		115FC79F2A51B9F4008BB6C8 /* SceneDelegate.swift in Sources */ = {isa = PBXBuildFile; fileRef = 115FC79E2A51B9F4008BB6C8 /* SceneDelegate.swift */; };
		115FC7A12A51B9F4008BB6C8 /* ImagesListViewController.swift in Sources */ = {isa = PBXBuildFile; fileRef = 115FC7A02A51B9F4008BB6C8 /* ImagesListViewController.swift */; };
		115FC7A42A51B9F4008BB6C8 /* Main.storyboard in Resources */ = {isa = PBXBuildFile; fileRef = 115FC7A22A51B9F4008BB6C8 /* Main.storyboard */; };
		115FC7A62A51B9F7008BB6C8 /* Assets.xcassets in Resources */ = {isa = PBXBuildFile; fileRef = 115FC7A52A51B9F7008BB6C8 /* Assets.xcassets */; };
		115FC7A92A51B9F7008BB6C8 /* LaunchScreen.storyboard in Resources */ = {isa = PBXBuildFile; fileRef = 115FC7A72A51B9F7008BB6C8 /* LaunchScreen.storyboard */; };
		118CAB4F2B3D488900656FF0 /* WebViewPresenter.swift in Sources */ = {isa = PBXBuildFile; fileRef = 118CAB4E2B3D488900656FF0 /* WebViewPresenter.swift */; };
		118CAB512B3D77E200656FF0 /* AuthHelper.swift in Sources */ = {isa = PBXBuildFile; fileRef = 118CAB502B3D77E200656FF0 /* AuthHelper.swift */; };
		11933E4A2A9DD257005AA90F /* AuthConfiguration.swift in Sources */ = {isa = PBXBuildFile; fileRef = 11933E492A9DD257005AA90F /* AuthConfiguration.swift */; };
		11933E4C2A9DD3B3005AA90F /* AuthViewController.swift in Sources */ = {isa = PBXBuildFile; fileRef = 11933E4B2A9DD3B3005AA90F /* AuthViewController.swift */; };
		11933E4F2A9DD4AA005AA90F /* WebViewViewController.swift in Sources */ = {isa = PBXBuildFile; fileRef = 11933E4E2A9DD4AA005AA90F /* WebViewViewController.swift */; };
		11AACC2A2B276CD00042D394 /* ImageListService.swift in Sources */ = {isa = PBXBuildFile; fileRef = 11AACC292B276CD00042D394 /* ImageListService.swift */; };
		11AACC2C2B2773650042D394 /* PhotoResult.swift in Sources */ = {isa = PBXBuildFile; fileRef = 11AACC2B2B2773650042D394 /* PhotoResult.swift */; };
		11DE38A92A76DAD400224CFF /* SingleImageViewController.swift in Sources */ = {isa = PBXBuildFile; fileRef = 11DE38A82A76DAD400224CFF /* SingleImageViewController.swift */; };
		11E7B9942B3EE7CD005C8A50 /* WebViewViewControllerSpy.swift in Sources */ = {isa = PBXBuildFile; fileRef = 11E7B9932B3EE7CD005C8A50 /* WebViewViewControllerSpy.swift */; };
		11E7B9962B3EFF4F005C8A50 /* ProfileViewControllerTests.swift in Sources */ = {isa = PBXBuildFile; fileRef = 11E7B9952B3EFF4F005C8A50 /* ProfileViewControllerTests.swift */; };
		11E7B9982B3EFFBF005C8A50 /* ProfileViewControllerSpy.swift in Sources */ = {isa = PBXBuildFile; fileRef = 11E7B9972B3EFFBF005C8A50 /* ProfileViewControllerSpy.swift */; };
		11E7B99B2B3F00CC005C8A50 /* ProfilePresenter.swift in Sources */ = {isa = PBXBuildFile; fileRef = 11E7B99A2B3F00CC005C8A50 /* ProfilePresenter.swift */; };
		11F0C1FF2B178E9300BAE1A9 /* ProfileStructures.swift in Sources */ = {isa = PBXBuildFile; fileRef = 11F0C1FE2B178E9300BAE1A9 /* ProfileStructures.swift */; };
		11F7C5B52B14E7850003997B /* UIBlockingProgressHUD.swift in Sources */ = {isa = PBXBuildFile; fileRef = 11F7C5B42B14E7850003997B /* UIBlockingProgressHUD.swift */; };
		11F7C5B72B14EB400003997B /* ProfileService.swift in Sources */ = {isa = PBXBuildFile; fileRef = 11F7C5B62B14EB400003997B /* ProfileService.swift */; };
		11FB30C72A758DC50009F2E5 /* ProfileViewController.swift in Sources */ = {isa = PBXBuildFile; fileRef = 11FB30C62A758DC50009F2E5 /* ProfileViewController.swift */; };
		11FB82062AA113BA009C79AF /* OAuthTokenResponseBody.swift in Sources */ = {isa = PBXBuildFile; fileRef = 11FB82052AA113BA009C79AF /* OAuthTokenResponseBody.swift */; };
		11FB82282AA23C25009C79AF /* URLRequest+Extensions.swift in Sources */ = {isa = PBXBuildFile; fileRef = 11FB82272AA23C25009C79AF /* URLRequest+Extensions.swift */; };
		11FB822A2AA23C3E009C79AF /* URLSession+Extensions.swift in Sources */ = {isa = PBXBuildFile; fileRef = 11FB82292AA23C3E009C79AF /* URLSession+Extensions.swift */; };
		11FB822C2AA23C74009C79AF /* SnakeCaseJSONDecoder.swift in Sources */ = {isa = PBXBuildFile; fileRef = 11FB822B2AA23C74009C79AF /* SnakeCaseJSONDecoder.swift */; };
		11FB822F2AA242D4009C79AF /* SplashViewController.swift in Sources */ = {isa = PBXBuildFile; fileRef = 11FB822E2AA242D4009C79AF /* SplashViewController.swift */; };
/* End PBXBuildFile section */

/* Begin PBXContainerItemProxy section */
		113BDA6B2B3EE36500D9BA32 /* PBXContainerItemProxy */ = {
			isa = PBXContainerItemProxy;
			containerPortal = 115FC7912A51B9F4008BB6C8 /* Project object */;
			proxyType = 1;
			remoteGlobalIDString = 115FC7982A51B9F4008BB6C8;
			remoteInfo = ImageFeed;
		};
/* End PBXContainerItemProxy section */

/* Begin PBXFileReference section */
		111156512B17DB6A007D1F70 /* ProfileImageService.swift */ = {isa = PBXFileReference; lastKnownFileType = sourcecode.swift; path = ProfileImageService.swift; sourceTree = "<group>"; };
		111156532B17DC73007D1F70 /* Notification+Extensions.swift */ = {isa = PBXFileReference; lastKnownFileType = sourcecode.swift; path = "Notification+Extensions.swift"; sourceTree = "<group>"; };
		112E6B0F2A51FC580096446A /* ImagesListCell.swift */ = {isa = PBXFileReference; lastKnownFileType = sourcecode.swift; path = ImagesListCell.swift; sourceTree = "<group>"; };
		113BDA672B3EE36500D9BA32 /* ImageFeed_UnitTests.xctest */ = {isa = PBXFileReference; explicitFileType = wrapper.cfbundle; includeInIndex = 0; path = ImageFeed_UnitTests.xctest; sourceTree = BUILT_PRODUCTS_DIR; };
		113BDA692B3EE36500D9BA32 /* WebViewTests.swift */ = {isa = PBXFileReference; lastKnownFileType = sourcecode.swift; path = WebViewTests.swift; sourceTree = "<group>"; };
		113BDA702B3EE40500D9BA32 /* WebViewPresenterSpy.swift */ = {isa = PBXFileReference; lastKnownFileType = sourcecode.swift; path = WebViewPresenterSpy.swift; sourceTree = "<group>"; };
		113CF0BE2A82091900BFEC47 /* UIColor+Extensions.swift */ = {isa = PBXFileReference; lastKnownFileType = sourcecode.swift; path = "UIColor+Extensions.swift"; sourceTree = "<group>"; };
		115B8A812B1E3001001B0009 /* AlertModel.swift */ = {isa = PBXFileReference; lastKnownFileType = sourcecode.swift; path = AlertModel.swift; sourceTree = "<group>"; };
		115B8A842B1E30D0001B0009 /* AlertPresenter.swift */ = {isa = PBXFileReference; lastKnownFileType = sourcecode.swift; path = AlertPresenter.swift; sourceTree = "<group>"; };
		115B8A892B1F3003001B0009 /* TabBarController.swift */ = {isa = PBXFileReference; lastKnownFileType = sourcecode.swift; path = TabBarController.swift; sourceTree = "<group>"; };
		115F17482A9EFEDF00954786 /* OAuth2Service.swift */ = {isa = PBXFileReference; lastKnownFileType = sourcecode.swift; path = OAuth2Service.swift; sourceTree = "<group>"; };
		115F174B2A9EFF7500954786 /* OAuth2TokenStorage.swift */ = {isa = PBXFileReference; lastKnownFileType = sourcecode.swift; path = OAuth2TokenStorage.swift; sourceTree = "<group>"; };
		115FC7992A51B9F4008BB6C8 /* ImageFeed.app */ = {isa = PBXFileReference; explicitFileType = wrapper.application; includeInIndex = 0; path = ImageFeed.app; sourceTree = BUILT_PRODUCTS_DIR; };
		115FC79C2A51B9F4008BB6C8 /* AppDelegate.swift */ = {isa = PBXFileReference; lastKnownFileType = sourcecode.swift; path = AppDelegate.swift; sourceTree = "<group>"; };
		115FC79E2A51B9F4008BB6C8 /* SceneDelegate.swift */ = {isa = PBXFileReference; lastKnownFileType = sourcecode.swift; path = SceneDelegate.swift; sourceTree = "<group>"; };
		115FC7A02A51B9F4008BB6C8 /* ImagesListViewController.swift */ = {isa = PBXFileReference; lastKnownFileType = sourcecode.swift; path = ImagesListViewController.swift; sourceTree = "<group>"; };
		115FC7A32A51B9F4008BB6C8 /* Base */ = {isa = PBXFileReference; lastKnownFileType = file.storyboard; name = Base; path = Base.lproj/Main.storyboard; sourceTree = "<group>"; };
		115FC7A52A51B9F7008BB6C8 /* Assets.xcassets */ = {isa = PBXFileReference; lastKnownFileType = folder.assetcatalog; path = Assets.xcassets; sourceTree = "<group>"; };
		115FC7A82A51B9F7008BB6C8 /* Base */ = {isa = PBXFileReference; lastKnownFileType = file.storyboard; name = Base; path = Base.lproj/LaunchScreen.storyboard; sourceTree = "<group>"; };
		115FC7AA2A51B9F7008BB6C8 /* Info.plist */ = {isa = PBXFileReference; lastKnownFileType = text.plist.xml; path = Info.plist; sourceTree = "<group>"; };
		118CAB4E2B3D488900656FF0 /* WebViewPresenter.swift */ = {isa = PBXFileReference; lastKnownFileType = sourcecode.swift; path = WebViewPresenter.swift; sourceTree = "<group>"; };
		118CAB502B3D77E200656FF0 /* AuthHelper.swift */ = {isa = PBXFileReference; lastKnownFileType = sourcecode.swift; path = AuthHelper.swift; sourceTree = "<group>"; };
		11933E492A9DD257005AA90F /* AuthConfiguration.swift */ = {isa = PBXFileReference; lastKnownFileType = sourcecode.swift; path = AuthConfiguration.swift; sourceTree = "<group>"; };
		11933E4B2A9DD3B3005AA90F /* AuthViewController.swift */ = {isa = PBXFileReference; lastKnownFileType = sourcecode.swift; path = AuthViewController.swift; sourceTree = "<group>"; };
		11933E4E2A9DD4AA005AA90F /* WebViewViewController.swift */ = {isa = PBXFileReference; lastKnownFileType = sourcecode.swift; path = WebViewViewController.swift; sourceTree = "<group>"; };
		11AACC292B276CD00042D394 /* ImageListService.swift */ = {isa = PBXFileReference; lastKnownFileType = sourcecode.swift; path = ImageListService.swift; sourceTree = "<group>"; };
		11AACC2B2B2773650042D394 /* PhotoResult.swift */ = {isa = PBXFileReference; lastKnownFileType = sourcecode.swift; path = PhotoResult.swift; sourceTree = "<group>"; };
		11DE38A82A76DAD400224CFF /* SingleImageViewController.swift */ = {isa = PBXFileReference; lastKnownFileType = sourcecode.swift; path = SingleImageViewController.swift; sourceTree = "<group>"; };
		11E7B9932B3EE7CD005C8A50 /* WebViewViewControllerSpy.swift */ = {isa = PBXFileReference; lastKnownFileType = sourcecode.swift; path = WebViewViewControllerSpy.swift; sourceTree = "<group>"; };
		11E7B9952B3EFF4F005C8A50 /* ProfileViewControllerTests.swift */ = {isa = PBXFileReference; lastKnownFileType = sourcecode.swift; path = ProfileViewControllerTests.swift; sourceTree = "<group>"; };
		11E7B9972B3EFFBF005C8A50 /* ProfileViewControllerSpy.swift */ = {isa = PBXFileReference; lastKnownFileType = sourcecode.swift; path = ProfileViewControllerSpy.swift; sourceTree = "<group>"; };
		11E7B99A2B3F00CC005C8A50 /* ProfilePresenter.swift */ = {isa = PBXFileReference; lastKnownFileType = sourcecode.swift; path = ProfilePresenter.swift; sourceTree = "<group>"; };
		11F0C1FE2B178E9300BAE1A9 /* ProfileStructures.swift */ = {isa = PBXFileReference; lastKnownFileType = sourcecode.swift; path = ProfileStructures.swift; sourceTree = "<group>"; };
		11F7C5B42B14E7850003997B /* UIBlockingProgressHUD.swift */ = {isa = PBXFileReference; lastKnownFileType = sourcecode.swift; name = UIBlockingProgressHUD.swift; path = ImageFeed/Helpers/UIBlockingProgressHUD.swift; sourceTree = SOURCE_ROOT; };
		11F7C5B62B14EB400003997B /* ProfileService.swift */ = {isa = PBXFileReference; lastKnownFileType = sourcecode.swift; path = ProfileService.swift; sourceTree = "<group>"; };
		11FB30C62A758DC50009F2E5 /* ProfileViewController.swift */ = {isa = PBXFileReference; lastKnownFileType = sourcecode.swift; path = ProfileViewController.swift; sourceTree = "<group>"; };
		11FB82052AA113BA009C79AF /* OAuthTokenResponseBody.swift */ = {isa = PBXFileReference; lastKnownFileType = sourcecode.swift; path = OAuthTokenResponseBody.swift; sourceTree = "<group>"; };
		11FB82272AA23C25009C79AF /* URLRequest+Extensions.swift */ = {isa = PBXFileReference; lastKnownFileType = sourcecode.swift; path = "URLRequest+Extensions.swift"; sourceTree = "<group>"; };
		11FB82292AA23C3E009C79AF /* URLSession+Extensions.swift */ = {isa = PBXFileReference; lastKnownFileType = sourcecode.swift; path = "URLSession+Extensions.swift"; sourceTree = "<group>"; };
		11FB822B2AA23C74009C79AF /* SnakeCaseJSONDecoder.swift */ = {isa = PBXFileReference; lastKnownFileType = sourcecode.swift; path = SnakeCaseJSONDecoder.swift; sourceTree = "<group>"; };
		11FB822E2AA242D4009C79AF /* SplashViewController.swift */ = {isa = PBXFileReference; lastKnownFileType = sourcecode.swift; path = SplashViewController.swift; sourceTree = "<group>"; };
/* End PBXFileReference section */

/* Begin PBXFrameworksBuildPhase section */
		113BDA642B3EE36500D9BA32 /* Frameworks */ = {
			isa = PBXFrameworksBuildPhase;
			buildActionMask = 2147483647;
			files = (
			);
			runOnlyForDeploymentPostprocessing = 0;
		};
		115FC7962A51B9F4008BB6C8 /* Frameworks */ = {
			isa = PBXFrameworksBuildPhase;
			buildActionMask = 2147483647;
			files = (
				111156572B17DE69007D1F70 /* Kingfisher in Frameworks */,
				11449DD22AA7B13600B1BFDB /* ProgressHUD in Frameworks */,
				115B8A882B1E322E001B0009 /* SwiftKeychainWrapper in Frameworks */,
			);
			runOnlyForDeploymentPostprocessing = 0;
		};
/* End PBXFrameworksBuildPhase section */

/* Begin PBXGroup section */
		112E6B112A51FC8A0096446A /* ImagesList */ = {
			isa = PBXGroup;
			children = (
				112E6B0F2A51FC580096446A /* ImagesListCell.swift */,
				115FC7A02A51B9F4008BB6C8 /* ImagesListViewController.swift */,
				11AACC292B276CD00042D394 /* ImageListService.swift */,
			);
			path = ImagesList;
			sourceTree = "<group>";
		};
		113BDA682B3EE36500D9BA32 /* ImageFeed_UnitTests */ = {
			isa = PBXGroup;
			children = (
				113BDA692B3EE36500D9BA32 /* WebViewTests.swift */,
				113BDA702B3EE40500D9BA32 /* WebViewPresenterSpy.swift */,
				11E7B9932B3EE7CD005C8A50 /* WebViewViewControllerSpy.swift */,
				11E7B9952B3EFF4F005C8A50 /* ProfileViewControllerTests.swift */,
				11E7B9972B3EFFBF005C8A50 /* ProfileViewControllerSpy.swift */,
			);
			path = ImageFeed_UnitTests;
			sourceTree = "<group>";
		};
		113CF0C02A82092400BFEC47 /* Helpers */ = {
			isa = PBXGroup;
			children = (
				11F7C5B42B14E7850003997B /* UIBlockingProgressHUD.swift */,
				113CF0BE2A82091900BFEC47 /* UIColor+Extensions.swift */,
				11FB82272AA23C25009C79AF /* URLRequest+Extensions.swift */,
				11FB82292AA23C3E009C79AF /* URLSession+Extensions.swift */,
				11FB822B2AA23C74009C79AF /* SnakeCaseJSONDecoder.swift */,
				111156532B17DC73007D1F70 /* Notification+Extensions.swift */,
				118CAB502B3D77E200656FF0 /* AuthHelper.swift */,
			);
			path = Helpers;
			sourceTree = "<group>";
		};
		115B8A832B1E30C1001B0009 /* Alert */ = {
			isa = PBXGroup;
			children = (
				115B8A812B1E3001001B0009 /* AlertModel.swift */,
			);
			path = Alert;
			sourceTree = "<group>";
		};
		115B8A8B2B1F3008001B0009 /* TabBar */ = {
			isa = PBXGroup;
			children = (
				115B8A892B1F3003001B0009 /* TabBarController.swift */,
			);
			path = TabBar;
			sourceTree = "<group>";
		};
		115F174A2A9EFF5F00954786 /* OAuth2 */ = {
			isa = PBXGroup;
			children = (
				115F17482A9EFEDF00954786 /* OAuth2Service.swift */,
				115F174B2A9EFF7500954786 /* OAuth2TokenStorage.swift */,
				11FB82052AA113BA009C79AF /* OAuthTokenResponseBody.swift */,
			);
			path = OAuth2;
			sourceTree = "<group>";
		};
		115FC7902A51B9F4008BB6C8 = {
			isa = PBXGroup;
			children = (
				115FC79B2A51B9F4008BB6C8 /* ImageFeed */,
				113BDA682B3EE36500D9BA32 /* ImageFeed_UnitTests */,
				115FC79A2A51B9F4008BB6C8 /* Products */,
			);
			sourceTree = "<group>";
		};
		115FC79A2A51B9F4008BB6C8 /* Products */ = {
			isa = PBXGroup;
			children = (
				115FC7992A51B9F4008BB6C8 /* ImageFeed.app */,
				113BDA672B3EE36500D9BA32 /* ImageFeed_UnitTests.xctest */,
			);
			name = Products;
			sourceTree = "<group>";
		};
		115FC79B2A51B9F4008BB6C8 /* ImageFeed */ = {
			isa = PBXGroup;
			children = (
				115FC79C2A51B9F4008BB6C8 /* AppDelegate.swift */,
				115FC79E2A51B9F4008BB6C8 /* SceneDelegate.swift */,
				11933E492A9DD257005AA90F /* AuthConfiguration.swift */,
				115F174A2A9EFF5F00954786 /* OAuth2 */,
				11E7B9992B3F00B2005C8A50 /* Presenters */,
				115B8A832B1E30C1001B0009 /* Alert */,
				11FB30C82A7597A30009F2E5 /* Profile */,
				11FB822D2AA242B8009C79AF /* Splash */,
				11AACC2D2B2779E50042D394 /* Models */,
				115B8A8B2B1F3008001B0009 /* TabBar */,
				112E6B112A51FC8A0096446A /* ImagesList */,
				11933E522A9E49DC005AA90F /* SingleImageView */,
				11933E4D2A9DD3D3005AA90F /* Auth */,
				115FC7A52A51B9F7008BB6C8 /* Assets.xcassets */,
				115FC7A22A51B9F4008BB6C8 /* Main.storyboard */,
				115FC7A72A51B9F7008BB6C8 /* LaunchScreen.storyboard */,
				115FC7AA2A51B9F7008BB6C8 /* Info.plist */,
				113CF0C02A82092400BFEC47 /* Helpers */,
			);
			path = ImageFeed;
			sourceTree = "<group>";
		};
		11933E4D2A9DD3D3005AA90F /* Auth */ = {
			isa = PBXGroup;
			children = (
				11933E4B2A9DD3B3005AA90F /* AuthViewController.swift */,
				11933E4E2A9DD4AA005AA90F /* WebViewViewController.swift */,
				118CAB4E2B3D488900656FF0 /* WebViewPresenter.swift */,
			);
			path = Auth;
			sourceTree = "<group>";
		};
		11933E522A9E49DC005AA90F /* SingleImageView */ = {
			isa = PBXGroup;
			children = (
				11DE38A82A76DAD400224CFF /* SingleImageViewController.swift */,
			);
			path = SingleImageView;
			sourceTree = "<group>";
		};
		11AACC2D2B2779E50042D394 /* Models */ = {
			isa = PBXGroup;
			children = (
				11F0C1FE2B178E9300BAE1A9 /* ProfileStructures.swift */,
				11AACC2B2B2773650042D394 /* PhotoResult.swift */,
			);
			path = Models;
			sourceTree = "<group>";
		};
		11E7B9992B3F00B2005C8A50 /* Presenters */ = {
			isa = PBXGroup;
			children = (
				115B8A842B1E30D0001B0009 /* AlertPresenter.swift */,
				11E7B99A2B3F00CC005C8A50 /* ProfilePresenter.swift */,
			);
			path = Presenters;
			sourceTree = "<group>";
		};
		11FB30C82A7597A30009F2E5 /* Profile */ = {
			isa = PBXGroup;
			children = (
				11FB30C62A758DC50009F2E5 /* ProfileViewController.swift */,
				11F7C5B62B14EB400003997B /* ProfileService.swift */,
				111156512B17DB6A007D1F70 /* ProfileImageService.swift */,
			);
			path = Profile;
			sourceTree = "<group>";
		};
		11FB822D2AA242B8009C79AF /* Splash */ = {
			isa = PBXGroup;
			children = (
				11FB822E2AA242D4009C79AF /* SplashViewController.swift */,
			);
			path = Splash;
			sourceTree = "<group>";
		};
/* End PBXGroup section */

/* Begin PBXNativeTarget section */
		113BDA662B3EE36500D9BA32 /* ImageFeed_UnitTests */ = {
			isa = PBXNativeTarget;
			buildConfigurationList = 113BDA6D2B3EE36500D9BA32 /* Build configuration list for PBXNativeTarget "ImageFeed_UnitTests" */;
			buildPhases = (
				113BDA632B3EE36500D9BA32 /* Sources */,
				113BDA642B3EE36500D9BA32 /* Frameworks */,
				113BDA652B3EE36500D9BA32 /* Resources */,
			);
			buildRules = (
			);
			dependencies = (
				113BDA6C2B3EE36500D9BA32 /* PBXTargetDependency */,
			);
			name = ImageFeed_UnitTests;
			productName = ImageFeed_UnitTests;
			productReference = 113BDA672B3EE36500D9BA32 /* ImageFeed_UnitTests.xctest */;
			productType = "com.apple.product-type.bundle.unit-test";
		};
		115FC7982A51B9F4008BB6C8 /* ImageFeed */ = {
			isa = PBXNativeTarget;
			buildConfigurationList = 115FC7AD2A51B9F7008BB6C8 /* Build configuration list for PBXNativeTarget "ImageFeed" */;
			buildPhases = (
				115FC7952A51B9F4008BB6C8 /* Sources */,
				115FC7962A51B9F4008BB6C8 /* Frameworks */,
				115FC7972A51B9F4008BB6C8 /* Resources */,
			);
			buildRules = (
			);
			dependencies = (
			);
			name = ImageFeed;
			packageProductDependencies = (
				11449DD12AA7B13600B1BFDB /* ProgressHUD */,
				111156562B17DE69007D1F70 /* Kingfisher */,
				115B8A872B1E322E001B0009 /* SwiftKeychainWrapper */,
			);
			productName = ImageFeed;
			productReference = 115FC7992A51B9F4008BB6C8 /* ImageFeed.app */;
			productType = "com.apple.product-type.application";
		};
/* End PBXNativeTarget section */

/* Begin PBXProject section */
		115FC7912A51B9F4008BB6C8 /* Project object */ = {
			isa = PBXProject;
			attributes = {
				BuildIndependentTargetsInParallel = 1;
				LastSwiftUpdateCheck = 1500;
				LastUpgradeCheck = 1500;
				TargetAttributes = {
					113BDA662B3EE36500D9BA32 = {
						CreatedOnToolsVersion = 15.0.1;
						TestTargetID = 115FC7982A51B9F4008BB6C8;
					};
					115FC7982A51B9F4008BB6C8 = {
						CreatedOnToolsVersion = 14.3;
					};
				};
			};
			buildConfigurationList = 115FC7942A51B9F4008BB6C8 /* Build configuration list for PBXProject "ImageFeed" */;
			compatibilityVersion = "Xcode 14.0";
			developmentRegion = en;
			hasScannedForEncodings = 0;
			knownRegions = (
				en,
				Base,
			);
			mainGroup = 115FC7902A51B9F4008BB6C8;
			packageReferences = (
				11449DD02AA7B13600B1BFDB /* XCRemoteSwiftPackageReference "ProgressHUD" */,
				111156552B17DE69007D1F70 /* XCRemoteSwiftPackageReference "Kingfisher" */,
				115B8A862B1E322E001B0009 /* XCRemoteSwiftPackageReference "SwiftKeychainWrapper" */,
			);
			productRefGroup = 115FC79A2A51B9F4008BB6C8 /* Products */;
			projectDirPath = "";
			projectRoot = "";
			targets = (
				115FC7982A51B9F4008BB6C8 /* ImageFeed */,
				113BDA662B3EE36500D9BA32 /* ImageFeed_UnitTests */,
			);
		};
/* End PBXProject section */

/* Begin PBXResourcesBuildPhase section */
		113BDA652B3EE36500D9BA32 /* Resources */ = {
			isa = PBXResourcesBuildPhase;
			buildActionMask = 2147483647;
			files = (
			);
			runOnlyForDeploymentPostprocessing = 0;
		};
		115FC7972A51B9F4008BB6C8 /* Resources */ = {
			isa = PBXResourcesBuildPhase;
			buildActionMask = 2147483647;
			files = (
				115FC7A92A51B9F7008BB6C8 /* LaunchScreen.storyboard in Resources */,
				115FC7A62A51B9F7008BB6C8 /* Assets.xcassets in Resources */,
				115FC7A42A51B9F4008BB6C8 /* Main.storyboard in Resources */,
			);
			runOnlyForDeploymentPostprocessing = 0;
		};
/* End PBXResourcesBuildPhase section */

/* Begin PBXSourcesBuildPhase section */
		113BDA632B3EE36500D9BA32 /* Sources */ = {
			isa = PBXSourcesBuildPhase;
			buildActionMask = 2147483647;
			files = (
				11E7B9962B3EFF4F005C8A50 /* ProfileViewControllerTests.swift in Sources */,
				113BDA6A2B3EE36500D9BA32 /* WebViewTests.swift in Sources */,
				11E7B9942B3EE7CD005C8A50 /* WebViewViewControllerSpy.swift in Sources */,
				113BDA712B3EE40500D9BA32 /* WebViewPresenterSpy.swift in Sources */,
				11E7B9982B3EFFBF005C8A50 /* ProfileViewControllerSpy.swift in Sources */,
			);
			runOnlyForDeploymentPostprocessing = 0;
		};
		115FC7952A51B9F4008BB6C8 /* Sources */ = {
			isa = PBXSourcesBuildPhase;
			buildActionMask = 2147483647;
			files = (
				115F174C2A9EFF7500954786 /* OAuth2TokenStorage.swift in Sources */,
				11933E4F2A9DD4AA005AA90F /* WebViewViewController.swift in Sources */,
				118CAB4F2B3D488900656FF0 /* WebViewPresenter.swift in Sources */,
				115FC7A12A51B9F4008BB6C8 /* ImagesListViewController.swift in Sources */,
				11FB822F2AA242D4009C79AF /* SplashViewController.swift in Sources */,
				11FB822C2AA23C74009C79AF /* SnakeCaseJSONDecoder.swift in Sources */,
				112E6B102A51FC580096446A /* ImagesListCell.swift in Sources */,
				11AACC2C2B2773650042D394 /* PhotoResult.swift in Sources */,
				11E7B99B2B3F00CC005C8A50 /* ProfilePresenter.swift in Sources */,
				111156542B17DC73007D1F70 /* Notification+Extensions.swift in Sources */,
				11FB30C72A758DC50009F2E5 /* ProfileViewController.swift in Sources */,
				11F0C1FF2B178E9300BAE1A9 /* ProfileStructures.swift in Sources */,
				11FB822A2AA23C3E009C79AF /* URLSession+Extensions.swift in Sources */,
				11FB82062AA113BA009C79AF /* OAuthTokenResponseBody.swift in Sources */,
				115F17492A9EFEDF00954786 /* OAuth2Service.swift in Sources */,
				118CAB512B3D77E200656FF0 /* AuthHelper.swift in Sources */,
				115FC79D2A51B9F4008BB6C8 /* AppDelegate.swift in Sources */,
				115B8A822B1E3001001B0009 /* AlertModel.swift in Sources */,
				113CF0BF2A82091900BFEC47 /* UIColor+Extensions.swift in Sources */,
				11DE38A92A76DAD400224CFF /* SingleImageViewController.swift in Sources */,
				115FC79F2A51B9F4008BB6C8 /* SceneDelegate.swift in Sources */,
				111156522B17DB6A007D1F70 /* ProfileImageService.swift in Sources */,
				115B8A8A2B1F3003001B0009 /* TabBarController.swift in Sources */,
				11F7C5B72B14EB400003997B /* ProfileService.swift in Sources */,
				11FB82282AA23C25009C79AF /* URLRequest+Extensions.swift in Sources */,
				11933E4C2A9DD3B3005AA90F /* AuthViewController.swift in Sources */,
				11933E4A2A9DD257005AA90F /* AuthConfiguration.swift in Sources */,
				11AACC2A2B276CD00042D394 /* ImageListService.swift in Sources */,
				11F7C5B52B14E7850003997B /* UIBlockingProgressHUD.swift in Sources */,
				115B8A852B1E30D0001B0009 /* AlertPresenter.swift in Sources */,
			);
			runOnlyForDeploymentPostprocessing = 0;
		};
/* End PBXSourcesBuildPhase section */

/* Begin PBXTargetDependency section */
		113BDA6C2B3EE36500D9BA32 /* PBXTargetDependency */ = {
			isa = PBXTargetDependency;
			target = 115FC7982A51B9F4008BB6C8 /* ImageFeed */;
			targetProxy = 113BDA6B2B3EE36500D9BA32 /* PBXContainerItemProxy */;
		};
/* End PBXTargetDependency section */

/* Begin PBXVariantGroup section */
		115FC7A22A51B9F4008BB6C8 /* Main.storyboard */ = {
			isa = PBXVariantGroup;
			children = (
				115FC7A32A51B9F4008BB6C8 /* Base */,
			);
			name = Main.storyboard;
			sourceTree = "<group>";
		};
		115FC7A72A51B9F7008BB6C8 /* LaunchScreen.storyboard */ = {
			isa = PBXVariantGroup;
			children = (
				115FC7A82A51B9F7008BB6C8 /* Base */,
			);
			name = LaunchScreen.storyboard;
			sourceTree = "<group>";
		};
/* End PBXVariantGroup section */

/* Begin XCBuildConfiguration section */
		113BDA6E2B3EE36500D9BA32 /* Debug */ = {
			isa = XCBuildConfiguration;
			buildSettings = {
				ASSETCATALOG_COMPILER_GENERATE_SWIFT_ASSET_SYMBOL_EXTENSIONS = YES;
				BUNDLE_LOADER = "$(TEST_HOST)";
				CODE_SIGN_STYLE = Automatic;
				CURRENT_PROJECT_VERSION = 1;
				DEVELOPMENT_TEAM = DGS54WN6BX;
				ENABLE_USER_SCRIPT_SANDBOXING = YES;
				GCC_C_LANGUAGE_STANDARD = gnu17;
				GENERATE_INFOPLIST_FILE = YES;
				IPHONEOS_DEPLOYMENT_TARGET = 13.0;
				LOCALIZATION_PREFERS_STRING_CATALOGS = YES;
				MARKETING_VERSION = 1.0;
				PRODUCT_BUNDLE_IDENTIFIER = "com.tsomuk.ImageFeed-UnitTests";
				PRODUCT_NAME = "$(TARGET_NAME)";
				SUPPORTED_PLATFORMS = "iphoneos iphonesimulator";
				SUPPORTS_MACCATALYST = NO;
				SUPPORTS_MAC_DESIGNED_FOR_IPHONE_IPAD = NO;
				SWIFT_ACTIVE_COMPILATION_CONDITIONS = "DEBUG $(inherited)";
				SWIFT_EMIT_LOC_STRINGS = NO;
				SWIFT_VERSION = 5.0;
				TARGETED_DEVICE_FAMILY = "1,2";
				TEST_HOST = "$(BUILT_PRODUCTS_DIR)/ImageFeed.app/$(BUNDLE_EXECUTABLE_FOLDER_PATH)/ImageFeed";
			};
			name = Debug;
		};
		113BDA6F2B3EE36500D9BA32 /* Release */ = {
			isa = XCBuildConfiguration;
			buildSettings = {
				ASSETCATALOG_COMPILER_GENERATE_SWIFT_ASSET_SYMBOL_EXTENSIONS = YES;
				BUNDLE_LOADER = "$(TEST_HOST)";
				CODE_SIGN_STYLE = Automatic;
				CURRENT_PROJECT_VERSION = 1;
				DEVELOPMENT_TEAM = DGS54WN6BX;
				ENABLE_USER_SCRIPT_SANDBOXING = YES;
				GCC_C_LANGUAGE_STANDARD = gnu17;
				GENERATE_INFOPLIST_FILE = YES;
				IPHONEOS_DEPLOYMENT_TARGET = 13.0;
				LOCALIZATION_PREFERS_STRING_CATALOGS = YES;
				MARKETING_VERSION = 1.0;
				PRODUCT_BUNDLE_IDENTIFIER = "com.tsomuk.ImageFeed-UnitTests";
				PRODUCT_NAME = "$(TARGET_NAME)";
				SUPPORTED_PLATFORMS = "iphoneos iphonesimulator";
				SUPPORTS_MACCATALYST = NO;
				SUPPORTS_MAC_DESIGNED_FOR_IPHONE_IPAD = NO;
				SWIFT_EMIT_LOC_STRINGS = NO;
				SWIFT_VERSION = 5.0;
				TARGETED_DEVICE_FAMILY = "1,2";
				TEST_HOST = "$(BUILT_PRODUCTS_DIR)/ImageFeed.app/$(BUNDLE_EXECUTABLE_FOLDER_PATH)/ImageFeed";
			};
			name = Release;
		};
		115FC7AB2A51B9F7008BB6C8 /* Debug */ = {
			isa = XCBuildConfiguration;
			buildSettings = {
				ALWAYS_SEARCH_USER_PATHS = NO;
				CLANG_ANALYZER_NONNULL = YES;
				CLANG_ANALYZER_NUMBER_OBJECT_CONVERSION = YES_AGGRESSIVE;
				CLANG_CXX_LANGUAGE_STANDARD = "gnu++20";
				CLANG_ENABLE_MODULES = YES;
				CLANG_ENABLE_OBJC_ARC = YES;
				CLANG_ENABLE_OBJC_WEAK = YES;
				CLANG_WARN_BLOCK_CAPTURE_AUTORELEASING = YES;
				CLANG_WARN_BOOL_CONVERSION = YES;
				CLANG_WARN_COMMA = YES;
				CLANG_WARN_CONSTANT_CONVERSION = YES;
				CLANG_WARN_DEPRECATED_OBJC_IMPLEMENTATIONS = YES;
				CLANG_WARN_DIRECT_OBJC_ISA_USAGE = YES_ERROR;
				CLANG_WARN_DOCUMENTATION_COMMENTS = YES;
				CLANG_WARN_EMPTY_BODY = YES;
				CLANG_WARN_ENUM_CONVERSION = YES;
				CLANG_WARN_INFINITE_RECURSION = YES;
				CLANG_WARN_INT_CONVERSION = YES;
				CLANG_WARN_NON_LITERAL_NULL_CONVERSION = YES;
				CLANG_WARN_OBJC_IMPLICIT_RETAIN_SELF = YES;
				CLANG_WARN_OBJC_LITERAL_CONVERSION = YES;
				CLANG_WARN_OBJC_ROOT_CLASS = YES_ERROR;
				CLANG_WARN_QUOTED_INCLUDE_IN_FRAMEWORK_HEADER = YES;
				CLANG_WARN_RANGE_LOOP_ANALYSIS = YES;
				CLANG_WARN_STRICT_PROTOTYPES = YES;
				CLANG_WARN_SUSPICIOUS_MOVE = YES;
				CLANG_WARN_UNGUARDED_AVAILABILITY = YES_AGGRESSIVE;
				CLANG_WARN_UNREACHABLE_CODE = YES;
				CLANG_WARN__DUPLICATE_METHOD_MATCH = YES;
				COPY_PHASE_STRIP = NO;
				DEBUG_INFORMATION_FORMAT = dwarf;
				ENABLE_STRICT_OBJC_MSGSEND = YES;
				ENABLE_TESTABILITY = YES;
				GCC_C_LANGUAGE_STANDARD = gnu11;
				GCC_DYNAMIC_NO_PIC = NO;
				GCC_NO_COMMON_BLOCKS = YES;
				GCC_OPTIMIZATION_LEVEL = 0;
				GCC_PREPROCESSOR_DEFINITIONS = (
					"DEBUG=1",
					"$(inherited)",
				);
				GCC_WARN_64_TO_32_BIT_CONVERSION = YES;
				GCC_WARN_ABOUT_RETURN_TYPE = YES_ERROR;
				GCC_WARN_UNDECLARED_SELECTOR = YES;
				GCC_WARN_UNINITIALIZED_AUTOS = YES_AGGRESSIVE;
				GCC_WARN_UNUSED_FUNCTION = YES;
				GCC_WARN_UNUSED_VARIABLE = YES;
				IPHONEOS_DEPLOYMENT_TARGET = 16.4;
				MTL_ENABLE_DEBUG_INFO = INCLUDE_SOURCE;
				MTL_FAST_MATH = YES;
				ONLY_ACTIVE_ARCH = YES;
				SDKROOT = iphoneos;
				SWIFT_ACTIVE_COMPILATION_CONDITIONS = DEBUG;
				SWIFT_OPTIMIZATION_LEVEL = "-Onone";
			};
			name = Debug;
		};
		115FC7AC2A51B9F7008BB6C8 /* Release */ = {
			isa = XCBuildConfiguration;
			buildSettings = {
				ALWAYS_SEARCH_USER_PATHS = NO;
				CLANG_ANALYZER_NONNULL = YES;
				CLANG_ANALYZER_NUMBER_OBJECT_CONVERSION = YES_AGGRESSIVE;
				CLANG_CXX_LANGUAGE_STANDARD = "gnu++20";
				CLANG_ENABLE_MODULES = YES;
				CLANG_ENABLE_OBJC_ARC = YES;
				CLANG_ENABLE_OBJC_WEAK = YES;
				CLANG_WARN_BLOCK_CAPTURE_AUTORELEASING = YES;
				CLANG_WARN_BOOL_CONVERSION = YES;
				CLANG_WARN_COMMA = YES;
				CLANG_WARN_CONSTANT_CONVERSION = YES;
				CLANG_WARN_DEPRECATED_OBJC_IMPLEMENTATIONS = YES;
				CLANG_WARN_DIRECT_OBJC_ISA_USAGE = YES_ERROR;
				CLANG_WARN_DOCUMENTATION_COMMENTS = YES;
				CLANG_WARN_EMPTY_BODY = YES;
				CLANG_WARN_ENUM_CONVERSION = YES;
				CLANG_WARN_INFINITE_RECURSION = YES;
				CLANG_WARN_INT_CONVERSION = YES;
				CLANG_WARN_NON_LITERAL_NULL_CONVERSION = YES;
				CLANG_WARN_OBJC_IMPLICIT_RETAIN_SELF = YES;
				CLANG_WARN_OBJC_LITERAL_CONVERSION = YES;
				CLANG_WARN_OBJC_ROOT_CLASS = YES_ERROR;
				CLANG_WARN_QUOTED_INCLUDE_IN_FRAMEWORK_HEADER = YES;
				CLANG_WARN_RANGE_LOOP_ANALYSIS = YES;
				CLANG_WARN_STRICT_PROTOTYPES = YES;
				CLANG_WARN_SUSPICIOUS_MOVE = YES;
				CLANG_WARN_UNGUARDED_AVAILABILITY = YES_AGGRESSIVE;
				CLANG_WARN_UNREACHABLE_CODE = YES;
				CLANG_WARN__DUPLICATE_METHOD_MATCH = YES;
				COPY_PHASE_STRIP = NO;
				DEBUG_INFORMATION_FORMAT = "dwarf-with-dsym";
				ENABLE_NS_ASSERTIONS = NO;
				ENABLE_STRICT_OBJC_MSGSEND = YES;
				GCC_C_LANGUAGE_STANDARD = gnu11;
				GCC_NO_COMMON_BLOCKS = YES;
				GCC_WARN_64_TO_32_BIT_CONVERSION = YES;
				GCC_WARN_ABOUT_RETURN_TYPE = YES_ERROR;
				GCC_WARN_UNDECLARED_SELECTOR = YES;
				GCC_WARN_UNINITIALIZED_AUTOS = YES_AGGRESSIVE;
				GCC_WARN_UNUSED_FUNCTION = YES;
				GCC_WARN_UNUSED_VARIABLE = YES;
				IPHONEOS_DEPLOYMENT_TARGET = 16.4;
				MTL_ENABLE_DEBUG_INFO = NO;
				MTL_FAST_MATH = YES;
				SDKROOT = iphoneos;
				SWIFT_COMPILATION_MODE = wholemodule;
				SWIFT_OPTIMIZATION_LEVEL = "-O";
				VALIDATE_PRODUCT = YES;
			};
			name = Release;
		};
		115FC7AE2A51B9F7008BB6C8 /* Debug */ = {
			isa = XCBuildConfiguration;
			buildSettings = {
				ASSETCATALOG_COMPILER_APPICON_NAME = AppIcon;
				ASSETCATALOG_COMPILER_GLOBAL_ACCENT_COLOR_NAME = AccentColor;
				CODE_SIGN_STYLE = Automatic;
				CURRENT_PROJECT_VERSION = 1;
				DEVELOPMENT_TEAM = DGS54WN6BX;
				GENERATE_INFOPLIST_FILE = YES;
				INFOPLIST_FILE = ImageFeed/Info.plist;
				INFOPLIST_KEY_CFBundleDisplayName = ImageFeed;
				INFOPLIST_KEY_UIApplicationSupportsIndirectInputEvents = YES;
				INFOPLIST_KEY_UILaunchStoryboardName = LaunchScreen;
				INFOPLIST_KEY_UIMainStoryboardFile = Main;
				INFOPLIST_KEY_UISupportedInterfaceOrientations = UIInterfaceOrientationPortrait;
				INFOPLIST_KEY_UISupportedInterfaceOrientations_iPad = UIInterfaceOrientationLandscapeRight;
				IPHONEOS_DEPLOYMENT_TARGET = 13.0;
				LD_RUNPATH_SEARCH_PATHS = (
					"$(inherited)",
					"@executable_path/Frameworks",
				);
				MARKETING_VERSION = 1.0;
				PRODUCT_BUNDLE_IDENTIFIER = com.tsomuk.ImageFeed;
				PRODUCT_NAME = "$(TARGET_NAME)";
				SUPPORTED_PLATFORMS = "iphoneos iphonesimulator";
				SUPPORTS_MACCATALYST = NO;
				SUPPORTS_MAC_DESIGNED_FOR_IPHONE_IPAD = NO;
				SWIFT_EMIT_LOC_STRINGS = YES;
				SWIFT_VERSION = 5.0;
				TARGETED_DEVICE_FAMILY = 1;
			};
			name = Debug;
		};
		115FC7AF2A51B9F7008BB6C8 /* Release */ = {
			isa = XCBuildConfiguration;
			buildSettings = {
				ASSETCATALOG_COMPILER_APPICON_NAME = AppIcon;
				ASSETCATALOG_COMPILER_GLOBAL_ACCENT_COLOR_NAME = AccentColor;
				CODE_SIGN_STYLE = Automatic;
				CURRENT_PROJECT_VERSION = 1;
				DEVELOPMENT_TEAM = DGS54WN6BX;
				GENERATE_INFOPLIST_FILE = YES;
				INFOPLIST_FILE = ImageFeed/Info.plist;
				INFOPLIST_KEY_CFBundleDisplayName = ImageFeed;
				INFOPLIST_KEY_UIApplicationSupportsIndirectInputEvents = YES;
				INFOPLIST_KEY_UILaunchStoryboardName = LaunchScreen;
				INFOPLIST_KEY_UIMainStoryboardFile = Main;
				INFOPLIST_KEY_UISupportedInterfaceOrientations = UIInterfaceOrientationPortrait;
				INFOPLIST_KEY_UISupportedInterfaceOrientations_iPad = UIInterfaceOrientationLandscapeRight;
				IPHONEOS_DEPLOYMENT_TARGET = 13.0;
				LD_RUNPATH_SEARCH_PATHS = (
					"$(inherited)",
					"@executable_path/Frameworks",
				);
				MARKETING_VERSION = 1.0;
				PRODUCT_BUNDLE_IDENTIFIER = com.tsomuk.ImageFeed;
				PRODUCT_NAME = "$(TARGET_NAME)";
				SUPPORTED_PLATFORMS = "iphoneos iphonesimulator";
				SUPPORTS_MACCATALYST = NO;
				SUPPORTS_MAC_DESIGNED_FOR_IPHONE_IPAD = NO;
				SWIFT_EMIT_LOC_STRINGS = YES;
				SWIFT_VERSION = 5.0;
				TARGETED_DEVICE_FAMILY = 1;
			};
			name = Release;
		};
/* End XCBuildConfiguration section */

/* Begin XCConfigurationList section */
		113BDA6D2B3EE36500D9BA32 /* Build configuration list for PBXNativeTarget "ImageFeed_UnitTests" */ = {
			isa = XCConfigurationList;
			buildConfigurations = (
				113BDA6E2B3EE36500D9BA32 /* Debug */,
				113BDA6F2B3EE36500D9BA32 /* Release */,
			);
			defaultConfigurationIsVisible = 0;
			defaultConfigurationName = Release;
		};
		115FC7942A51B9F4008BB6C8 /* Build configuration list for PBXProject "ImageFeed" */ = {
			isa = XCConfigurationList;
			buildConfigurations = (
				115FC7AB2A51B9F7008BB6C8 /* Debug */,
				115FC7AC2A51B9F7008BB6C8 /* Release */,
			);
			defaultConfigurationIsVisible = 0;
			defaultConfigurationName = Release;
		};
		115FC7AD2A51B9F7008BB6C8 /* Build configuration list for PBXNativeTarget "ImageFeed" */ = {
			isa = XCConfigurationList;
			buildConfigurations = (
				115FC7AE2A51B9F7008BB6C8 /* Debug */,
				115FC7AF2A51B9F7008BB6C8 /* Release */,
			);
			defaultConfigurationIsVisible = 0;
			defaultConfigurationName = Release;
		};
/* End XCConfigurationList section */

/* Begin XCRemoteSwiftPackageReference section */
		111156552B17DE69007D1F70 /* XCRemoteSwiftPackageReference "Kingfisher" */ = {
			isa = XCRemoteSwiftPackageReference;
			repositoryURL = "https://github.com/onevcat/Kingfisher.git";
			requirement = {
				kind = exactVersion;
				version = 7.10.0;
			};
		};
		11449DD02AA7B13600B1BFDB /* XCRemoteSwiftPackageReference "ProgressHUD" */ = {
			isa = XCRemoteSwiftPackageReference;
			repositoryURL = "https://github.com/relatedcode/ProgressHUD";
			requirement = {
				kind = exactVersion;
				version = 13.7.2;
			};
		};
		115B8A862B1E322E001B0009 /* XCRemoteSwiftPackageReference "SwiftKeychainWrapper" */ = {
			isa = XCRemoteSwiftPackageReference;
			repositoryURL = "https://github.com/jrendel/SwiftKeychainWrapper";
			requirement = {
				kind = upToNextMajorVersion;
				minimumVersion = 4.0.1;
			};
		};
/* End XCRemoteSwiftPackageReference section */

/* Begin XCSwiftPackageProductDependency section */
		111156562B17DE69007D1F70 /* Kingfisher */ = {
			isa = XCSwiftPackageProductDependency;
			package = 111156552B17DE69007D1F70 /* XCRemoteSwiftPackageReference "Kingfisher" */;
			productName = Kingfisher;
		};
		11449DD12AA7B13600B1BFDB /* ProgressHUD */ = {
			isa = XCSwiftPackageProductDependency;
			package = 11449DD02AA7B13600B1BFDB /* XCRemoteSwiftPackageReference "ProgressHUD" */;
			productName = ProgressHUD;
		};
		115B8A872B1E322E001B0009 /* SwiftKeychainWrapper */ = {
			isa = XCSwiftPackageProductDependency;
			package = 115B8A862B1E322E001B0009 /* XCRemoteSwiftPackageReference "SwiftKeychainWrapper" */;
			productName = SwiftKeychainWrapper;
		};
/* End XCSwiftPackageProductDependency section */
	};
	rootObject = 115FC7912A51B9F4008BB6C8 /* Project object */;
}
